
Microsoft Visual Studio Solution File, Format Version 12.00
# Visual Studio Version 16
VisualStudioVersion = 16.0.32413.511
MinimumVisualStudioVersion = 10.0.40219.1
Project("{FAE04EC0-301F-11D3-BF4B-00C04F79EFBC}") = "Hola mundo", "Hola mundo\Hola mundo.csproj", "{97DBA614-F319-41CB-85DB-B7C6D4BF4D5E}"
EndProject
Global
	GlobalSection(SolutionConfigurationPlatforms) = preSolution
		Debug|Any CPU = Debug|Any CPU
		Release|Any CPU = Release|Any CPU
	EndGlobalSection
	GlobalSection(ProjectConfigurationPlatforms) = postSolution
		{97DBA614-F319-41CB-85DB-B7C6D4BF4D5E}.Debug|Any CPU.ActiveCfg = Debug|Any CPU
		{97DBA614-F319-41CB-85DB-B7C6D4BF4D5E}.Debug|Any CPU.Build.0 = Debug|Any CPU
		{97DBA614-F319-41CB-85DB-B7C6D4BF4D5E}.Release|Any CPU.ActiveCfg = Release|Any CPU
		{97DBA614-F319-41CB-85DB-B7C6D4BF4D5E}.Release|Any CPU.Build.0 = Release|Any CPU
	EndGlobalSection
	GlobalSection(SolutionProperties) = preSolution
		HideSolutionNode = FALSE
	EndGlobalSection
	GlobalSection(ExtensibilityGlobals) = postSolution
		SolutionGuid = {D441416D-543F-46D9-8B3A-4CD4BF0E67F9}
	EndGlobalSection
EndGlobal
